
Microsoft Visual Studio Solution File, Format Version 12.00
# Visual Studio Version 16
VisualStudioVersion = 16.0.30523.141
MinimumVisualStudioVersion = 10.0.40219.1
Project("{FAE04EC0-301F-11D3-BF4B-00C04F79EFBC}") = "05.MultiplyBigNumber", "05.MultiplyBigNumber\05.MultiplyBigNumber.csproj", "{2BB8A0F6-CEA3-40BA-B01F-8DB99F54A8D2}"
EndProject
Global
	GlobalSection(SolutionConfigurationPlatforms) = preSolution
		Debug|Any CPU = Debug|Any CPU
		Release|Any CPU = Release|Any CPU
	EndGlobalSection
	GlobalSection(ProjectConfigurationPlatforms) = postSolution
		{2BB8A0F6-CEA3-40BA-B01F-8DB99F54A8D2}.Debug|Any CPU.ActiveCfg = Debug|Any CPU
		{2BB8A0F6-CEA3-40BA-B01F-8DB99F54A8D2}.Debug|Any CPU.Build.0 = Debug|Any CPU
		{2BB8A0F6-CEA3-40BA-B01F-8DB99F54A8D2}.Release|Any CPU.ActiveCfg = Release|Any CPU
		{2BB8A0F6-CEA3-40BA-B01F-8DB99F54A8D2}.Release|Any CPU.Build.0 = Release|Any CPU
	EndGlobalSection
	GlobalSection(SolutionProperties) = preSolution
		HideSolutionNode = FALSE
	EndGlobalSection
	GlobalSection(ExtensibilityGlobals) = postSolution
		SolutionGuid = {0E4855DB-C229-4B77-8131-3979E3908CD0}
	EndGlobalSection
EndGlobal
