
Microsoft Visual Studio Solution File, Format Version 12.00
# Visual Studio Version 16
VisualStudioVersion = 16.0.30523.141
MinimumVisualStudioVersion = 10.0.40219.1
Project("{FAE04EC0-301F-11D3-BF4B-00C04F79EFBC}") = "03.TreasureFinder", "03.TreasureFinder\03.TreasureFinder.csproj", "{727733FC-8496-4FAE-B152-49E84D2D687F}"
EndProject
Global
	GlobalSection(SolutionConfigurationPlatforms) = preSolution
		Debug|Any CPU = Debug|Any CPU
		Release|Any CPU = Release|Any CPU
	EndGlobalSection
	GlobalSection(ProjectConfigurationPlatforms) = postSolution
		{727733FC-8496-4FAE-B152-49E84D2D687F}.Debug|Any CPU.ActiveCfg = Debug|Any CPU
		{727733FC-8496-4FAE-B152-49E84D2D687F}.Debug|Any CPU.Build.0 = Debug|Any CPU
		{727733FC-8496-4FAE-B152-49E84D2D687F}.Release|Any CPU.ActiveCfg = Release|Any CPU
		{727733FC-8496-4FAE-B152-49E84D2D687F}.Release|Any CPU.Build.0 = Release|Any CPU
	EndGlobalSection
	GlobalSection(SolutionProperties) = preSolution
		HideSolutionNode = FALSE
	EndGlobalSection
	GlobalSection(ExtensibilityGlobals) = postSolution
		SolutionGuid = {3445642D-D745-4A84-9C96-005CC09ED933}
	EndGlobalSection
EndGlobal
