
Microsoft Visual Studio Solution File, Format Version 12.00
# Visual Studio Version 16
VisualStudioVersion = 16.0.30523.141
MinimumVisualStudioVersion = 10.0.40219.1
Project("{FAE04EC0-301F-11D3-BF4B-00C04F79EFBC}") = "04.Snowwhite", "04.Snowwhite\04.Snowwhite.csproj", "{ADB0548C-6949-415D-97D1-40340787DD37}"
EndProject
Global
	GlobalSection(SolutionConfigurationPlatforms) = preSolution
		Debug|Any CPU = Debug|Any CPU
		Release|Any CPU = Release|Any CPU
	EndGlobalSection
	GlobalSection(ProjectConfigurationPlatforms) = postSolution
		{ADB0548C-6949-415D-97D1-40340787DD37}.Debug|Any CPU.ActiveCfg = Debug|Any CPU
		{ADB0548C-6949-415D-97D1-40340787DD37}.Debug|Any CPU.Build.0 = Debug|Any CPU
		{ADB0548C-6949-415D-97D1-40340787DD37}.Release|Any CPU.ActiveCfg = Release|Any CPU
		{ADB0548C-6949-415D-97D1-40340787DD37}.Release|Any CPU.Build.0 = Release|Any CPU
	EndGlobalSection
	GlobalSection(SolutionProperties) = preSolution
		HideSolutionNode = FALSE
	EndGlobalSection
	GlobalSection(ExtensibilityGlobals) = postSolution
		SolutionGuid = {2C167ABC-4801-4455-B0A5-4C287BDD74AD}
	EndGlobalSection
EndGlobal
