
Microsoft Visual Studio Solution File, Format Version 12.00
# Visual Studio Version 16
VisualStudioVersion = 16.0.30523.141
MinimumVisualStudioVersion = 10.0.40219.1
Project("{FAE04EC0-301F-11D3-BF4B-00C04F79EFBC}") = "05.DrumSet", "05.DrumSet\05.DrumSet.csproj", "{309777CE-B5AF-407A-8B2E-0DBA9E3741BF}"
EndProject
Global
	GlobalSection(SolutionConfigurationPlatforms) = preSolution
		Debug|Any CPU = Debug|Any CPU
		Release|Any CPU = Release|Any CPU
	EndGlobalSection
	GlobalSection(ProjectConfigurationPlatforms) = postSolution
		{309777CE-B5AF-407A-8B2E-0DBA9E3741BF}.Debug|Any CPU.ActiveCfg = Debug|Any CPU
		{309777CE-B5AF-407A-8B2E-0DBA9E3741BF}.Debug|Any CPU.Build.0 = Debug|Any CPU
		{309777CE-B5AF-407A-8B2E-0DBA9E3741BF}.Release|Any CPU.ActiveCfg = Release|Any CPU
		{309777CE-B5AF-407A-8B2E-0DBA9E3741BF}.Release|Any CPU.Build.0 = Release|Any CPU
	EndGlobalSection
	GlobalSection(SolutionProperties) = preSolution
		HideSolutionNode = FALSE
	EndGlobalSection
	GlobalSection(ExtensibilityGlobals) = postSolution
		SolutionGuid = {A61D7A5D-F8E7-4908-AF41-479050011127}
	EndGlobalSection
EndGlobal
