
Microsoft Visual Studio Solution File, Format Version 12.00
# Visual Studio Version 16
VisualStudioVersion = 16.0.30523.141
MinimumVisualStudioVersion = 10.0.40219.1
Project("{FAE04EC0-301F-11D3-BF4B-00C04F79EFBC}") = "03.MergingLists", "03.MergingLists\03.MergingLists.csproj", "{CDE5483D-EF89-4E54-9B6B-77C9989EF0F0}"
EndProject
Global
	GlobalSection(SolutionConfigurationPlatforms) = preSolution
		Debug|Any CPU = Debug|Any CPU
		Release|Any CPU = Release|Any CPU
	EndGlobalSection
	GlobalSection(ProjectConfigurationPlatforms) = postSolution
		{CDE5483D-EF89-4E54-9B6B-77C9989EF0F0}.Debug|Any CPU.ActiveCfg = Debug|Any CPU
		{CDE5483D-EF89-4E54-9B6B-77C9989EF0F0}.Debug|Any CPU.Build.0 = Debug|Any CPU
		{CDE5483D-EF89-4E54-9B6B-77C9989EF0F0}.Release|Any CPU.ActiveCfg = Release|Any CPU
		{CDE5483D-EF89-4E54-9B6B-77C9989EF0F0}.Release|Any CPU.Build.0 = Release|Any CPU
	EndGlobalSection
	GlobalSection(SolutionProperties) = preSolution
		HideSolutionNode = FALSE
	EndGlobalSection
	GlobalSection(ExtensibilityGlobals) = postSolution
		SolutionGuid = {A1F48C04-0AB5-4645-BB2E-55855D39F8F7}
	EndGlobalSection
EndGlobal
