
Microsoft Visual Studio Solution File, Format Version 12.00
# Visual Studio Version 16
VisualStudioVersion = 16.0.30523.141
MinimumVisualStudioVersion = 10.0.40219.1
Project("{FAE04EC0-301F-11D3-BF4B-00C04F79EFBC}") = "03.Elevator", "03.Elevator\03.Elevator.csproj", "{8CB7C8FF-8986-4335-B5C1-F12F79BFD65D}"
EndProject
Global
	GlobalSection(SolutionConfigurationPlatforms) = preSolution
		Debug|Any CPU = Debug|Any CPU
		Release|Any CPU = Release|Any CPU
	EndGlobalSection
	GlobalSection(ProjectConfigurationPlatforms) = postSolution
		{8CB7C8FF-8986-4335-B5C1-F12F79BFD65D}.Debug|Any CPU.ActiveCfg = Debug|Any CPU
		{8CB7C8FF-8986-4335-B5C1-F12F79BFD65D}.Debug|Any CPU.Build.0 = Debug|Any CPU
		{8CB7C8FF-8986-4335-B5C1-F12F79BFD65D}.Release|Any CPU.ActiveCfg = Release|Any CPU
		{8CB7C8FF-8986-4335-B5C1-F12F79BFD65D}.Release|Any CPU.Build.0 = Release|Any CPU
	EndGlobalSection
	GlobalSection(SolutionProperties) = preSolution
		HideSolutionNode = FALSE
	EndGlobalSection
	GlobalSection(ExtensibilityGlobals) = postSolution
		SolutionGuid = {4ECC39FC-B3A1-4DC3-BD46-432CAA4574EA}
	EndGlobalSection
EndGlobal
