
Microsoft Visual Studio Solution File, Format Version 12.00
# Visual Studio Version 16
VisualStudioVersion = 16.0.30523.141
MinimumVisualStudioVersion = 10.0.40219.1
Project("{FAE04EC0-301F-11D3-BF4B-00C04F79EFBC}") = "02.FromLeftToTheRight", "02.FromLeftToTheRight\02.FromLeftToTheRight.csproj", "{F6EE9602-FD04-42EF-968A-E8468A02461E}"
EndProject
Global
	GlobalSection(SolutionConfigurationPlatforms) = preSolution
		Debug|Any CPU = Debug|Any CPU
		Release|Any CPU = Release|Any CPU
	EndGlobalSection
	GlobalSection(ProjectConfigurationPlatforms) = postSolution
		{F6EE9602-FD04-42EF-968A-E8468A02461E}.Debug|Any CPU.ActiveCfg = Debug|Any CPU
		{F6EE9602-FD04-42EF-968A-E8468A02461E}.Debug|Any CPU.Build.0 = Debug|Any CPU
		{F6EE9602-FD04-42EF-968A-E8468A02461E}.Release|Any CPU.ActiveCfg = Release|Any CPU
		{F6EE9602-FD04-42EF-968A-E8468A02461E}.Release|Any CPU.Build.0 = Release|Any CPU
	EndGlobalSection
	GlobalSection(SolutionProperties) = preSolution
		HideSolutionNode = FALSE
	EndGlobalSection
	GlobalSection(ExtensibilityGlobals) = postSolution
		SolutionGuid = {E8684E99-4716-451F-8B92-1F43029ECB32}
	EndGlobalSection
EndGlobal
