
Microsoft Visual Studio Solution File, Format Version 12.00
# Visual Studio Version 16
VisualStudioVersion = 16.0.30523.141
MinimumVisualStudioVersion = 10.0.40219.1
Project("{FAE04EC0-301F-11D3-BF4B-00C04F79EFBC}") = "04.Students", "04.Students\04.Students.csproj", "{ABBE6AF0-2363-4493-865D-8298EF9EA872}"
EndProject
Global
	GlobalSection(SolutionConfigurationPlatforms) = preSolution
		Debug|Any CPU = Debug|Any CPU
		Release|Any CPU = Release|Any CPU
	EndGlobalSection
	GlobalSection(ProjectConfigurationPlatforms) = postSolution
		{ABBE6AF0-2363-4493-865D-8298EF9EA872}.Debug|Any CPU.ActiveCfg = Debug|Any CPU
		{ABBE6AF0-2363-4493-865D-8298EF9EA872}.Debug|Any CPU.Build.0 = Debug|Any CPU
		{ABBE6AF0-2363-4493-865D-8298EF9EA872}.Release|Any CPU.ActiveCfg = Release|Any CPU
		{ABBE6AF0-2363-4493-865D-8298EF9EA872}.Release|Any CPU.Build.0 = Release|Any CPU
	EndGlobalSection
	GlobalSection(SolutionProperties) = preSolution
		HideSolutionNode = FALSE
	EndGlobalSection
	GlobalSection(ExtensibilityGlobals) = postSolution
		SolutionGuid = {88DB6A90-764A-476C-B3CE-0FA2BD3024CF}
	EndGlobalSection
EndGlobal
