
Microsoft Visual Studio Solution File, Format Version 12.00
# Visual Studio Version 16
VisualStudioVersion = 16.0.30523.141
MinimumVisualStudioVersion = 10.0.40219.1
Project("{FAE04EC0-301F-11D3-BF4B-00C04F79EFBC}") = "03.LegendaryFarming", "03.LegendaryFarming\03.LegendaryFarming.csproj", "{E53F3F80-151D-496C-B005-8CE2118F0E06}"
EndProject
Global
	GlobalSection(SolutionConfigurationPlatforms) = preSolution
		Debug|Any CPU = Debug|Any CPU
		Release|Any CPU = Release|Any CPU
	EndGlobalSection
	GlobalSection(ProjectConfigurationPlatforms) = postSolution
		{E53F3F80-151D-496C-B005-8CE2118F0E06}.Debug|Any CPU.ActiveCfg = Debug|Any CPU
		{E53F3F80-151D-496C-B005-8CE2118F0E06}.Debug|Any CPU.Build.0 = Debug|Any CPU
		{E53F3F80-151D-496C-B005-8CE2118F0E06}.Release|Any CPU.ActiveCfg = Release|Any CPU
		{E53F3F80-151D-496C-B005-8CE2118F0E06}.Release|Any CPU.Build.0 = Release|Any CPU
	EndGlobalSection
	GlobalSection(SolutionProperties) = preSolution
		HideSolutionNode = FALSE
	EndGlobalSection
	GlobalSection(ExtensibilityGlobals) = postSolution
		SolutionGuid = {3C3F63B5-82D4-48C9-8FE8-4B9AAFCB6458}
	EndGlobalSection
EndGlobal
