
Microsoft Visual Studio Solution File, Format Version 12.00
# Visual Studio Version 16
VisualStudioVersion = 16.0.30523.141
MinimumVisualStudioVersion = 10.0.40219.1
Project("{FAE04EC0-301F-11D3-BF4B-00C04F79EFBC}") = "04.BackIn30Minutes", "04.BackIn30Minutes\04.BackIn30Minutes.csproj", "{90EEBC05-2F72-48BF-A3FD-F1F522C1EC5B}"
EndProject
Global
	GlobalSection(SolutionConfigurationPlatforms) = preSolution
		Debug|Any CPU = Debug|Any CPU
		Release|Any CPU = Release|Any CPU
	EndGlobalSection
	GlobalSection(ProjectConfigurationPlatforms) = postSolution
		{90EEBC05-2F72-48BF-A3FD-F1F522C1EC5B}.Debug|Any CPU.ActiveCfg = Debug|Any CPU
		{90EEBC05-2F72-48BF-A3FD-F1F522C1EC5B}.Debug|Any CPU.Build.0 = Debug|Any CPU
		{90EEBC05-2F72-48BF-A3FD-F1F522C1EC5B}.Release|Any CPU.ActiveCfg = Release|Any CPU
		{90EEBC05-2F72-48BF-A3FD-F1F522C1EC5B}.Release|Any CPU.Build.0 = Release|Any CPU
	EndGlobalSection
	GlobalSection(SolutionProperties) = preSolution
		HideSolutionNode = FALSE
	EndGlobalSection
	GlobalSection(ExtensibilityGlobals) = postSolution
		SolutionGuid = {0D7D38BE-FF43-4D30-B353-75C78F6F58C2}
	EndGlobalSection
EndGlobal
