
Microsoft Visual Studio Solution File, Format Version 12.00
# Visual Studio Version 16
VisualStudioVersion = 16.0.30523.141
MinimumVisualStudioVersion = 10.0.40219.1
Project("{FAE04EC0-301F-11D3-BF4B-00C04F79EFBC}") = "02.RageQuit", "02.RageQuit\02.RageQuit.csproj", "{38DBDE6D-CED6-4710-90D8-564C40E60B74}"
EndProject
Global
	GlobalSection(SolutionConfigurationPlatforms) = preSolution
		Debug|Any CPU = Debug|Any CPU
		Release|Any CPU = Release|Any CPU
	EndGlobalSection
	GlobalSection(ProjectConfigurationPlatforms) = postSolution
		{38DBDE6D-CED6-4710-90D8-564C40E60B74}.Debug|Any CPU.ActiveCfg = Debug|Any CPU
		{38DBDE6D-CED6-4710-90D8-564C40E60B74}.Debug|Any CPU.Build.0 = Debug|Any CPU
		{38DBDE6D-CED6-4710-90D8-564C40E60B74}.Release|Any CPU.ActiveCfg = Release|Any CPU
		{38DBDE6D-CED6-4710-90D8-564C40E60B74}.Release|Any CPU.Build.0 = Release|Any CPU
	EndGlobalSection
	GlobalSection(SolutionProperties) = preSolution
		HideSolutionNode = FALSE
	EndGlobalSection
	GlobalSection(ExtensibilityGlobals) = postSolution
		SolutionGuid = {1A3F79F5-9DCE-4FF6-BE0A-913C2A8581FC}
	EndGlobalSection
EndGlobal
