
Microsoft Visual Studio Solution File, Format Version 12.00
# Visual Studio Version 16
VisualStudioVersion = 16.0.30523.141
MinimumVisualStudioVersion = 10.0.40219.1
Project("{FAE04EC0-301F-11D3-BF4B-00C04F79EFBC}") = "05.PrintPartOfASCIITable", "05.PrintPartOfASCIITable\05.PrintPartOfASCIITable.csproj", "{47AACDDD-8BD5-4D6A-8297-F5ABF987E4C5}"
EndProject
Global
	GlobalSection(SolutionConfigurationPlatforms) = preSolution
		Debug|Any CPU = Debug|Any CPU
		Release|Any CPU = Release|Any CPU
	EndGlobalSection
	GlobalSection(ProjectConfigurationPlatforms) = postSolution
		{47AACDDD-8BD5-4D6A-8297-F5ABF987E4C5}.Debug|Any CPU.ActiveCfg = Debug|Any CPU
		{47AACDDD-8BD5-4D6A-8297-F5ABF987E4C5}.Debug|Any CPU.Build.0 = Debug|Any CPU
		{47AACDDD-8BD5-4D6A-8297-F5ABF987E4C5}.Release|Any CPU.ActiveCfg = Release|Any CPU
		{47AACDDD-8BD5-4D6A-8297-F5ABF987E4C5}.Release|Any CPU.Build.0 = Release|Any CPU
	EndGlobalSection
	GlobalSection(SolutionProperties) = preSolution
		HideSolutionNode = FALSE
	EndGlobalSection
	GlobalSection(ExtensibilityGlobals) = postSolution
		SolutionGuid = {C79CC704-199E-485B-9AEC-6602B6DAEDD0}
	EndGlobalSection
EndGlobal
