
Microsoft Visual Studio Solution File, Format Version 12.00
# Visual Studio Version 16
VisualStudioVersion = 16.0.30523.141
MinimumVisualStudioVersion = 10.0.40219.1
Project("{FAE04EC0-301F-11D3-BF4B-00C04F79EFBC}") = "05.DragonArmy", "05.DragonArmy\05.DragonArmy.csproj", "{41BC7010-F01F-431B-92CF-A3B468DB4DBE}"
EndProject
Global
	GlobalSection(SolutionConfigurationPlatforms) = preSolution
		Debug|Any CPU = Debug|Any CPU
		Release|Any CPU = Release|Any CPU
	EndGlobalSection
	GlobalSection(ProjectConfigurationPlatforms) = postSolution
		{41BC7010-F01F-431B-92CF-A3B468DB4DBE}.Debug|Any CPU.ActiveCfg = Debug|Any CPU
		{41BC7010-F01F-431B-92CF-A3B468DB4DBE}.Debug|Any CPU.Build.0 = Debug|Any CPU
		{41BC7010-F01F-431B-92CF-A3B468DB4DBE}.Release|Any CPU.ActiveCfg = Release|Any CPU
		{41BC7010-F01F-431B-92CF-A3B468DB4DBE}.Release|Any CPU.Build.0 = Release|Any CPU
	EndGlobalSection
	GlobalSection(SolutionProperties) = preSolution
		HideSolutionNode = FALSE
	EndGlobalSection
	GlobalSection(ExtensibilityGlobals) = postSolution
		SolutionGuid = {E6D4F8C3-F387-4B48-AF03-8C265626D3B4}
	EndGlobalSection
EndGlobal
