
Microsoft Visual Studio Solution File, Format Version 12.00
# Visual Studio Version 16
VisualStudioVersion = 16.0.30523.141
MinimumVisualStudioVersion = 10.0.40219.1
Project("{FAE04EC0-301F-11D3-BF4B-00C04F79EFBC}") = "05.HTML", "05.HTML\05.HTML.csproj", "{698008A0-1795-4C7B-9F5F-4AF66B88A4AA}"
EndProject
Global
	GlobalSection(SolutionConfigurationPlatforms) = preSolution
		Debug|Any CPU = Debug|Any CPU
		Release|Any CPU = Release|Any CPU
	EndGlobalSection
	GlobalSection(ProjectConfigurationPlatforms) = postSolution
		{698008A0-1795-4C7B-9F5F-4AF66B88A4AA}.Debug|Any CPU.ActiveCfg = Debug|Any CPU
		{698008A0-1795-4C7B-9F5F-4AF66B88A4AA}.Debug|Any CPU.Build.0 = Debug|Any CPU
		{698008A0-1795-4C7B-9F5F-4AF66B88A4AA}.Release|Any CPU.ActiveCfg = Release|Any CPU
		{698008A0-1795-4C7B-9F5F-4AF66B88A4AA}.Release|Any CPU.Build.0 = Release|Any CPU
	EndGlobalSection
	GlobalSection(SolutionProperties) = preSolution
		HideSolutionNode = FALSE
	EndGlobalSection
	GlobalSection(ExtensibilityGlobals) = postSolution
		SolutionGuid = {D063550A-7DBF-46FD-AA90-3910B39884F2}
	EndGlobalSection
EndGlobal
