
Microsoft Visual Studio Solution File, Format Version 12.00
# Visual Studio Version 16
VisualStudioVersion = 16.0.30523.141
MinimumVisualStudioVersion = 10.0.40219.1
Project("{FAE04EC0-301F-11D3-BF4B-00C04F79EFBC}") = "04.Students", "04.Students\04.Students.csproj", "{3EF9A3CE-81F8-4737-8C38-13D9ABE25523}"
EndProject
Global
	GlobalSection(SolutionConfigurationPlatforms) = preSolution
		Debug|Any CPU = Debug|Any CPU
		Release|Any CPU = Release|Any CPU
	EndGlobalSection
	GlobalSection(ProjectConfigurationPlatforms) = postSolution
		{3EF9A3CE-81F8-4737-8C38-13D9ABE25523}.Debug|Any CPU.ActiveCfg = Debug|Any CPU
		{3EF9A3CE-81F8-4737-8C38-13D9ABE25523}.Debug|Any CPU.Build.0 = Debug|Any CPU
		{3EF9A3CE-81F8-4737-8C38-13D9ABE25523}.Release|Any CPU.ActiveCfg = Release|Any CPU
		{3EF9A3CE-81F8-4737-8C38-13D9ABE25523}.Release|Any CPU.Build.0 = Release|Any CPU
	EndGlobalSection
	GlobalSection(SolutionProperties) = preSolution
		HideSolutionNode = FALSE
	EndGlobalSection
	GlobalSection(ExtensibilityGlobals) = postSolution
		SolutionGuid = {8BEA28F5-04CD-4F73-B584-10862D303586}
	EndGlobalSection
EndGlobal
