
Microsoft Visual Studio Solution File, Format Version 12.00
# Visual Studio Version 16
VisualStudioVersion = 16.0.30523.141
MinimumVisualStudioVersion = 10.0.40219.1
Project("{FAE04EC0-301F-11D3-BF4B-00C04F79EFBC}") = "09.KaminoFactory", "09.KaminoFactory\09.KaminoFactory.csproj", "{B8500611-F064-4571-8F23-4F44190B9F7C}"
EndProject
Global
	GlobalSection(SolutionConfigurationPlatforms) = preSolution
		Debug|Any CPU = Debug|Any CPU
		Release|Any CPU = Release|Any CPU
	EndGlobalSection
	GlobalSection(ProjectConfigurationPlatforms) = postSolution
		{B8500611-F064-4571-8F23-4F44190B9F7C}.Debug|Any CPU.ActiveCfg = Debug|Any CPU
		{B8500611-F064-4571-8F23-4F44190B9F7C}.Debug|Any CPU.Build.0 = Debug|Any CPU
		{B8500611-F064-4571-8F23-4F44190B9F7C}.Release|Any CPU.ActiveCfg = Release|Any CPU
		{B8500611-F064-4571-8F23-4F44190B9F7C}.Release|Any CPU.Build.0 = Release|Any CPU
	EndGlobalSection
	GlobalSection(SolutionProperties) = preSolution
		HideSolutionNode = FALSE
	EndGlobalSection
	GlobalSection(ExtensibilityGlobals) = postSolution
		SolutionGuid = {06B7875D-E4E0-4910-BE64-E4E2648CC928}
	EndGlobalSection
EndGlobal
