
Microsoft Visual Studio Solution File, Format Version 12.00
# Visual Studio Version 16
VisualStudioVersion = 16.0.30523.141
MinimumVisualStudioVersion = 10.0.40219.1
Project("{FAE04EC0-301F-11D3-BF4B-00C04F79EFBC}") = "02.PoundsToDollars", "02.PoundsToDollars\02.PoundsToDollars.csproj", "{F758128A-E2FC-45F2-AA3B-CBDFB7E4B21F}"
EndProject
Global
	GlobalSection(SolutionConfigurationPlatforms) = preSolution
		Debug|Any CPU = Debug|Any CPU
		Release|Any CPU = Release|Any CPU
	EndGlobalSection
	GlobalSection(ProjectConfigurationPlatforms) = postSolution
		{F758128A-E2FC-45F2-AA3B-CBDFB7E4B21F}.Debug|Any CPU.ActiveCfg = Debug|Any CPU
		{F758128A-E2FC-45F2-AA3B-CBDFB7E4B21F}.Debug|Any CPU.Build.0 = Debug|Any CPU
		{F758128A-E2FC-45F2-AA3B-CBDFB7E4B21F}.Release|Any CPU.ActiveCfg = Release|Any CPU
		{F758128A-E2FC-45F2-AA3B-CBDFB7E4B21F}.Release|Any CPU.Build.0 = Release|Any CPU
	EndGlobalSection
	GlobalSection(SolutionProperties) = preSolution
		HideSolutionNode = FALSE
	EndGlobalSection
	GlobalSection(ExtensibilityGlobals) = postSolution
		SolutionGuid = {75BE1F6F-1D32-47D1-880A-0C187C4AA414}
	EndGlobalSection
EndGlobal
