
Microsoft Visual Studio Solution File, Format Version 12.00
# Visual Studio Version 16
VisualStudioVersion = 16.0.30523.141
MinimumVisualStudioVersion = 10.0.40219.1
Project("{FAE04EC0-301F-11D3-BF4B-00C04F79EFBC}") = "01.Furniture", "01.Furniture\01.Furniture.csproj", "{6653446C-D24C-483D-915D-02B3F1CD9BE2}"
EndProject
Global
	GlobalSection(SolutionConfigurationPlatforms) = preSolution
		Debug|Any CPU = Debug|Any CPU
		Release|Any CPU = Release|Any CPU
	EndGlobalSection
	GlobalSection(ProjectConfigurationPlatforms) = postSolution
		{6653446C-D24C-483D-915D-02B3F1CD9BE2}.Debug|Any CPU.ActiveCfg = Debug|Any CPU
		{6653446C-D24C-483D-915D-02B3F1CD9BE2}.Debug|Any CPU.Build.0 = Debug|Any CPU
		{6653446C-D24C-483D-915D-02B3F1CD9BE2}.Release|Any CPU.ActiveCfg = Release|Any CPU
		{6653446C-D24C-483D-915D-02B3F1CD9BE2}.Release|Any CPU.Build.0 = Release|Any CPU
	EndGlobalSection
	GlobalSection(SolutionProperties) = preSolution
		HideSolutionNode = FALSE
	EndGlobalSection
	GlobalSection(ExtensibilityGlobals) = postSolution
		SolutionGuid = {D8155A9E-C987-46AC-A738-A14F98A6CD2A}
	EndGlobalSection
EndGlobal
