
Microsoft Visual Studio Solution File, Format Version 12.00
# Visual Studio Version 16
VisualStudioVersion = 16.0.30523.141
MinimumVisualStudioVersion = 10.0.40219.1
Project("{FAE04EC0-301F-11D3-BF4B-00C04F79EFBC}") = "05.SumEvenNumbers", "05.SumEvenNumbers\05.SumEvenNumbers.csproj", "{A2C9C91D-4950-446E-A8C0-FF0789A05CB2}"
EndProject
Global
	GlobalSection(SolutionConfigurationPlatforms) = preSolution
		Debug|Any CPU = Debug|Any CPU
		Release|Any CPU = Release|Any CPU
	EndGlobalSection
	GlobalSection(ProjectConfigurationPlatforms) = postSolution
		{A2C9C91D-4950-446E-A8C0-FF0789A05CB2}.Debug|Any CPU.ActiveCfg = Debug|Any CPU
		{A2C9C91D-4950-446E-A8C0-FF0789A05CB2}.Debug|Any CPU.Build.0 = Debug|Any CPU
		{A2C9C91D-4950-446E-A8C0-FF0789A05CB2}.Release|Any CPU.ActiveCfg = Release|Any CPU
		{A2C9C91D-4950-446E-A8C0-FF0789A05CB2}.Release|Any CPU.Build.0 = Release|Any CPU
	EndGlobalSection
	GlobalSection(SolutionProperties) = preSolution
		HideSolutionNode = FALSE
	EndGlobalSection
	GlobalSection(ExtensibilityGlobals) = postSolution
		SolutionGuid = {59F5E742-D8E1-4588-864C-DE307C66F1C7}
	EndGlobalSection
EndGlobal
