
Microsoft Visual Studio Solution File, Format Version 12.00
# Visual Studio Version 16
VisualStudioVersion = 16.0.30523.141
MinimumVisualStudioVersion = 10.0.40219.1
Project("{FAE04EC0-301F-11D3-BF4B-00C04F79EFBC}") = "05.TeamworkProjects", "05.TeamworkProjects\05.TeamworkProjects.csproj", "{AA8579E1-D741-4C8D-8720-BA23CE2893D2}"
EndProject
Global
	GlobalSection(SolutionConfigurationPlatforms) = preSolution
		Debug|Any CPU = Debug|Any CPU
		Release|Any CPU = Release|Any CPU
	EndGlobalSection
	GlobalSection(ProjectConfigurationPlatforms) = postSolution
		{AA8579E1-D741-4C8D-8720-BA23CE2893D2}.Debug|Any CPU.ActiveCfg = Debug|Any CPU
		{AA8579E1-D741-4C8D-8720-BA23CE2893D2}.Debug|Any CPU.Build.0 = Debug|Any CPU
		{AA8579E1-D741-4C8D-8720-BA23CE2893D2}.Release|Any CPU.ActiveCfg = Release|Any CPU
		{AA8579E1-D741-4C8D-8720-BA23CE2893D2}.Release|Any CPU.Build.0 = Release|Any CPU
	EndGlobalSection
	GlobalSection(SolutionProperties) = preSolution
		HideSolutionNode = FALSE
	EndGlobalSection
	GlobalSection(ExtensibilityGlobals) = postSolution
		SolutionGuid = {F3167E35-F8C5-4310-BE04-CC1EB9F91525}
	EndGlobalSection
EndGlobal
