
Microsoft Visual Studio Solution File, Format Version 12.00
# Visual Studio Version 16
VisualStudioVersion = 16.0.30523.141
MinimumVisualStudioVersion = 10.0.40219.1
Project("{FAE04EC0-301F-11D3-BF4B-00C04F79EFBC}") = "01.CompanyRoster", "01.CompanyRoster\01.CompanyRoster.csproj", "{2FB13D87-6306-4EB9-B3C9-F2203FF880B6}"
EndProject
Global
	GlobalSection(SolutionConfigurationPlatforms) = preSolution
		Debug|Any CPU = Debug|Any CPU
		Release|Any CPU = Release|Any CPU
	EndGlobalSection
	GlobalSection(ProjectConfigurationPlatforms) = postSolution
		{2FB13D87-6306-4EB9-B3C9-F2203FF880B6}.Debug|Any CPU.ActiveCfg = Debug|Any CPU
		{2FB13D87-6306-4EB9-B3C9-F2203FF880B6}.Debug|Any CPU.Build.0 = Debug|Any CPU
		{2FB13D87-6306-4EB9-B3C9-F2203FF880B6}.Release|Any CPU.ActiveCfg = Release|Any CPU
		{2FB13D87-6306-4EB9-B3C9-F2203FF880B6}.Release|Any CPU.Build.0 = Release|Any CPU
	EndGlobalSection
	GlobalSection(SolutionProperties) = preSolution
		HideSolutionNode = FALSE
	EndGlobalSection
	GlobalSection(ExtensibilityGlobals) = postSolution
		SolutionGuid = {EB2F6647-BE2B-4C7F-B4B7-30855B6ADA8C}
	EndGlobalSection
EndGlobal
