
Microsoft Visual Studio Solution File, Format Version 12.00
# Visual Studio Version 16
VisualStudioVersion = 16.0.30523.141
MinimumVisualStudioVersion = 10.0.40219.1
Project("{FAE04EC0-301F-11D3-BF4B-00C04F79EFBC}") = "03.TakeSkipRope", "03.TakeSkipRope\03.TakeSkipRope.csproj", "{5676EB58-4D54-4185-A08D-9D9A14BB8BC0}"
EndProject
Global
	GlobalSection(SolutionConfigurationPlatforms) = preSolution
		Debug|Any CPU = Debug|Any CPU
		Release|Any CPU = Release|Any CPU
	EndGlobalSection
	GlobalSection(ProjectConfigurationPlatforms) = postSolution
		{5676EB58-4D54-4185-A08D-9D9A14BB8BC0}.Debug|Any CPU.ActiveCfg = Debug|Any CPU
		{5676EB58-4D54-4185-A08D-9D9A14BB8BC0}.Debug|Any CPU.Build.0 = Debug|Any CPU
		{5676EB58-4D54-4185-A08D-9D9A14BB8BC0}.Release|Any CPU.ActiveCfg = Release|Any CPU
		{5676EB58-4D54-4185-A08D-9D9A14BB8BC0}.Release|Any CPU.Build.0 = Release|Any CPU
	EndGlobalSection
	GlobalSection(SolutionProperties) = preSolution
		HideSolutionNode = FALSE
	EndGlobalSection
	GlobalSection(ExtensibilityGlobals) = postSolution
		SolutionGuid = {3F06FEE9-6CB8-49BB-A6BA-4FD9EF22CAAC}
	EndGlobalSection
EndGlobal
