
Microsoft Visual Studio Solution File, Format Version 12.00
# Visual Studio Version 16
VisualStudioVersion = 16.0.30523.141
MinimumVisualStudioVersion = 10.0.40219.1
Project("{FAE04EC0-301F-11D3-BF4B-00C04F79EFBC}") = "07.VehicleCatalogue", "07.VehicleCatalogue\07.VehicleCatalogue.csproj", "{F063918B-37BF-4802-B633-8892604654C7}"
EndProject
Global
	GlobalSection(SolutionConfigurationPlatforms) = preSolution
		Debug|Any CPU = Debug|Any CPU
		Release|Any CPU = Release|Any CPU
	EndGlobalSection
	GlobalSection(ProjectConfigurationPlatforms) = postSolution
		{F063918B-37BF-4802-B633-8892604654C7}.Debug|Any CPU.ActiveCfg = Debug|Any CPU
		{F063918B-37BF-4802-B633-8892604654C7}.Debug|Any CPU.Build.0 = Debug|Any CPU
		{F063918B-37BF-4802-B633-8892604654C7}.Release|Any CPU.ActiveCfg = Release|Any CPU
		{F063918B-37BF-4802-B633-8892604654C7}.Release|Any CPU.Build.0 = Release|Any CPU
	EndGlobalSection
	GlobalSection(SolutionProperties) = preSolution
		HideSolutionNode = FALSE
	EndGlobalSection
	GlobalSection(ExtensibilityGlobals) = postSolution
		SolutionGuid = {CEE79DDE-055B-406F-8870-E68174813686}
	EndGlobalSection
EndGlobal
