
Microsoft Visual Studio Solution File, Format Version 12.00
# Visual Studio Version 16
VisualStudioVersion = 16.0.30523.141
MinimumVisualStudioVersion = 10.0.40219.1
Project("{FAE04EC0-301F-11D3-BF4B-00C04F79EFBC}") = "03.PostOffice", "03.PostOffice\03.PostOffice.csproj", "{D05304FB-640F-4572-B4B6-D4F2D92EC1F5}"
EndProject
Global
	GlobalSection(SolutionConfigurationPlatforms) = preSolution
		Debug|Any CPU = Debug|Any CPU
		Release|Any CPU = Release|Any CPU
	EndGlobalSection
	GlobalSection(ProjectConfigurationPlatforms) = postSolution
		{D05304FB-640F-4572-B4B6-D4F2D92EC1F5}.Debug|Any CPU.ActiveCfg = Debug|Any CPU
		{D05304FB-640F-4572-B4B6-D4F2D92EC1F5}.Debug|Any CPU.Build.0 = Debug|Any CPU
		{D05304FB-640F-4572-B4B6-D4F2D92EC1F5}.Release|Any CPU.ActiveCfg = Release|Any CPU
		{D05304FB-640F-4572-B4B6-D4F2D92EC1F5}.Release|Any CPU.Build.0 = Release|Any CPU
	EndGlobalSection
	GlobalSection(SolutionProperties) = preSolution
		HideSolutionNode = FALSE
	EndGlobalSection
	GlobalSection(ExtensibilityGlobals) = postSolution
		SolutionGuid = {B6ED3E49-BCC6-4664-AA1F-FFB25A5CEF49}
	EndGlobalSection
EndGlobal
