
Microsoft Visual Studio Solution File, Format Version 12.00
# Visual Studio Version 16
VisualStudioVersion = 16.0.30523.141
MinimumVisualStudioVersion = 10.0.40219.1
Project("{FAE04EC0-301F-11D3-BF4B-00C04F79EFBC}") = "03.ExactSumOfRealNumbers", "03.ExactSumOfRealNumbers\03.ExactSumOfRealNumbers.csproj", "{548FA09B-B2CB-470B-9624-8DCAA9D6419B}"
EndProject
Global
	GlobalSection(SolutionConfigurationPlatforms) = preSolution
		Debug|Any CPU = Debug|Any CPU
		Release|Any CPU = Release|Any CPU
	EndGlobalSection
	GlobalSection(ProjectConfigurationPlatforms) = postSolution
		{548FA09B-B2CB-470B-9624-8DCAA9D6419B}.Debug|Any CPU.ActiveCfg = Debug|Any CPU
		{548FA09B-B2CB-470B-9624-8DCAA9D6419B}.Debug|Any CPU.Build.0 = Debug|Any CPU
		{548FA09B-B2CB-470B-9624-8DCAA9D6419B}.Release|Any CPU.ActiveCfg = Release|Any CPU
		{548FA09B-B2CB-470B-9624-8DCAA9D6419B}.Release|Any CPU.Build.0 = Release|Any CPU
	EndGlobalSection
	GlobalSection(SolutionProperties) = preSolution
		HideSolutionNode = FALSE
	EndGlobalSection
	GlobalSection(ExtensibilityGlobals) = postSolution
		SolutionGuid = {6208C920-87FD-4EA1-ABD2-C5CFC69983A5}
	EndGlobalSection
EndGlobal
