
Microsoft Visual Studio Solution File, Format Version 12.00
# Visual Studio Version 16
VisualStudioVersion = 16.0.30523.141
MinimumVisualStudioVersion = 10.0.40219.1
Project("{FAE04EC0-301F-11D3-BF4B-00C04F79EFBC}") = "01.StudentInformation", "01.StudentInformation\01.StudentInformation.csproj", "{1521E751-1A6D-4314-B1B3-4CDAD99F3239}"
EndProject
Global
	GlobalSection(SolutionConfigurationPlatforms) = preSolution
		Debug|Any CPU = Debug|Any CPU
		Release|Any CPU = Release|Any CPU
	EndGlobalSection
	GlobalSection(ProjectConfigurationPlatforms) = postSolution
		{1521E751-1A6D-4314-B1B3-4CDAD99F3239}.Debug|Any CPU.ActiveCfg = Debug|Any CPU
		{1521E751-1A6D-4314-B1B3-4CDAD99F3239}.Debug|Any CPU.Build.0 = Debug|Any CPU
		{1521E751-1A6D-4314-B1B3-4CDAD99F3239}.Release|Any CPU.ActiveCfg = Release|Any CPU
		{1521E751-1A6D-4314-B1B3-4CDAD99F3239}.Release|Any CPU.Build.0 = Release|Any CPU
	EndGlobalSection
	GlobalSection(SolutionProperties) = preSolution
		HideSolutionNode = FALSE
	EndGlobalSection
	GlobalSection(ExtensibilityGlobals) = postSolution
		SolutionGuid = {B9B9C9EF-21F1-4937-A0A5-FA06480E1658}
	EndGlobalSection
EndGlobal
