
Microsoft Visual Studio Solution File, Format Version 12.00
# Visual Studio Version 16
VisualStudioVersion = 16.0.30523.141
MinimumVisualStudioVersion = 10.0.40219.1
Project("{FAE04EC0-301F-11D3-BF4B-00C04F79EFBC}") = "03.SpeedRacing", "03.SpeedRacing\03.SpeedRacing.csproj", "{F4AF7E4B-7279-4BED-BAE9-EA1DACED4090}"
EndProject
Global
	GlobalSection(SolutionConfigurationPlatforms) = preSolution
		Debug|Any CPU = Debug|Any CPU
		Release|Any CPU = Release|Any CPU
	EndGlobalSection
	GlobalSection(ProjectConfigurationPlatforms) = postSolution
		{F4AF7E4B-7279-4BED-BAE9-EA1DACED4090}.Debug|Any CPU.ActiveCfg = Debug|Any CPU
		{F4AF7E4B-7279-4BED-BAE9-EA1DACED4090}.Debug|Any CPU.Build.0 = Debug|Any CPU
		{F4AF7E4B-7279-4BED-BAE9-EA1DACED4090}.Release|Any CPU.ActiveCfg = Release|Any CPU
		{F4AF7E4B-7279-4BED-BAE9-EA1DACED4090}.Release|Any CPU.Build.0 = Release|Any CPU
	EndGlobalSection
	GlobalSection(SolutionProperties) = preSolution
		HideSolutionNode = FALSE
	EndGlobalSection
	GlobalSection(ExtensibilityGlobals) = postSolution
		SolutionGuid = {F6F1390A-15AF-4BFC-9C99-343FCE1D3FDA}
	EndGlobalSection
EndGlobal
