
Microsoft Visual Studio Solution File, Format Version 12.00
# Visual Studio Version 16
VisualStudioVersion = 16.0.30523.141
MinimumVisualStudioVersion = 10.0.40219.1
Project("{FAE04EC0-301F-11D3-BF4B-00C04F79EFBC}") = "03.FloatingEquality", "03.FloatingEquality\03.FloatingEquality.csproj", "{2FA5025D-D88C-4D97-8473-2FDED50A753A}"
EndProject
Global
	GlobalSection(SolutionConfigurationPlatforms) = preSolution
		Debug|Any CPU = Debug|Any CPU
		Release|Any CPU = Release|Any CPU
	EndGlobalSection
	GlobalSection(ProjectConfigurationPlatforms) = postSolution
		{2FA5025D-D88C-4D97-8473-2FDED50A753A}.Debug|Any CPU.ActiveCfg = Debug|Any CPU
		{2FA5025D-D88C-4D97-8473-2FDED50A753A}.Debug|Any CPU.Build.0 = Debug|Any CPU
		{2FA5025D-D88C-4D97-8473-2FDED50A753A}.Release|Any CPU.ActiveCfg = Release|Any CPU
		{2FA5025D-D88C-4D97-8473-2FDED50A753A}.Release|Any CPU.Build.0 = Release|Any CPU
	EndGlobalSection
	GlobalSection(SolutionProperties) = preSolution
		HideSolutionNode = FALSE
	EndGlobalSection
	GlobalSection(ExtensibilityGlobals) = postSolution
		SolutionGuid = {60E3996F-FAB2-46D6-B6C6-94F578D7C42D}
	EndGlobalSection
EndGlobal
