
Microsoft Visual Studio Solution File, Format Version 12.00
# Visual Studio Version 16
VisualStudioVersion = 16.0.30523.141
MinimumVisualStudioVersion = 10.0.40219.1
Project("{FAE04EC0-301F-11D3-BF4B-00C04F79EFBC}") = "08.TriangleOfNumbers", "08.TriangleOfNumbers\08.TriangleOfNumbers.csproj", "{1CA12295-E63E-4CA2-888D-B30D561FC63D}"
EndProject
Global
	GlobalSection(SolutionConfigurationPlatforms) = preSolution
		Debug|Any CPU = Debug|Any CPU
		Release|Any CPU = Release|Any CPU
	EndGlobalSection
	GlobalSection(ProjectConfigurationPlatforms) = postSolution
		{1CA12295-E63E-4CA2-888D-B30D561FC63D}.Debug|Any CPU.ActiveCfg = Debug|Any CPU
		{1CA12295-E63E-4CA2-888D-B30D561FC63D}.Debug|Any CPU.Build.0 = Debug|Any CPU
		{1CA12295-E63E-4CA2-888D-B30D561FC63D}.Release|Any CPU.ActiveCfg = Release|Any CPU
		{1CA12295-E63E-4CA2-888D-B30D561FC63D}.Release|Any CPU.Build.0 = Release|Any CPU
	EndGlobalSection
	GlobalSection(SolutionProperties) = preSolution
		HideSolutionNode = FALSE
	EndGlobalSection
	GlobalSection(ExtensibilityGlobals) = postSolution
		SolutionGuid = {052B2649-227A-45EB-890C-38754291D2BA}
	EndGlobalSection
EndGlobal
