
Microsoft Visual Studio Solution File, Format Version 12.00
# Visual Studio Version 16
VisualStudioVersion = 16.0.30523.141
MinimumVisualStudioVersion = 10.0.40219.1
Project("{FAE04EC0-301F-11D3-BF4B-00C04F79EFBC}") = "08.MathPower", "08.MathPower\08.MathPower.csproj", "{DA9FDFFB-6402-47B8-B231-1D75455D177E}"
EndProject
Global
	GlobalSection(SolutionConfigurationPlatforms) = preSolution
		Debug|Any CPU = Debug|Any CPU
		Release|Any CPU = Release|Any CPU
	EndGlobalSection
	GlobalSection(ProjectConfigurationPlatforms) = postSolution
		{DA9FDFFB-6402-47B8-B231-1D75455D177E}.Debug|Any CPU.ActiveCfg = Debug|Any CPU
		{DA9FDFFB-6402-47B8-B231-1D75455D177E}.Debug|Any CPU.Build.0 = Debug|Any CPU
		{DA9FDFFB-6402-47B8-B231-1D75455D177E}.Release|Any CPU.ActiveCfg = Release|Any CPU
		{DA9FDFFB-6402-47B8-B231-1D75455D177E}.Release|Any CPU.Build.0 = Release|Any CPU
	EndGlobalSection
	GlobalSection(SolutionProperties) = preSolution
		HideSolutionNode = FALSE
	EndGlobalSection
	GlobalSection(ExtensibilityGlobals) = postSolution
		SolutionGuid = {201CF6F2-4B92-46E0-88DA-9BE00E3866C3}
	EndGlobalSection
EndGlobal
