
Microsoft Visual Studio Solution File, Format Version 12.00
# Visual Studio Version 16
VisualStudioVersion = 16.0.30523.141
MinimumVisualStudioVersion = 10.0.40219.1
Project("{FAE04EC0-301F-11D3-BF4B-00C04F79EFBC}") = "08.CondenseArrayToNumber", "08.CondenseArrayToNumber\08.CondenseArrayToNumber.csproj", "{C062355D-A1AB-4B81-A1F5-621054504F74}"
EndProject
Global
	GlobalSection(SolutionConfigurationPlatforms) = preSolution
		Debug|Any CPU = Debug|Any CPU
		Release|Any CPU = Release|Any CPU
	EndGlobalSection
	GlobalSection(ProjectConfigurationPlatforms) = postSolution
		{C062355D-A1AB-4B81-A1F5-621054504F74}.Debug|Any CPU.ActiveCfg = Debug|Any CPU
		{C062355D-A1AB-4B81-A1F5-621054504F74}.Debug|Any CPU.Build.0 = Debug|Any CPU
		{C062355D-A1AB-4B81-A1F5-621054504F74}.Release|Any CPU.ActiveCfg = Release|Any CPU
		{C062355D-A1AB-4B81-A1F5-621054504F74}.Release|Any CPU.Build.0 = Release|Any CPU
	EndGlobalSection
	GlobalSection(SolutionProperties) = preSolution
		HideSolutionNode = FALSE
	EndGlobalSection
	GlobalSection(ExtensibilityGlobals) = postSolution
		SolutionGuid = {35DFA024-0A35-4BF8-94FC-F0B5569AADD2}
	EndGlobalSection
EndGlobal
