
Microsoft Visual Studio Solution File, Format Version 12.00
# Visual Studio Version 16
VisualStudioVersion = 16.0.30523.141
MinimumVisualStudioVersion = 10.0.40219.1
Project("{FAE04EC0-301F-11D3-BF4B-00C04F79EFBC}") = "07.EqualArrays", "07.EqualArrays\07.EqualArrays.csproj", "{A39A7AB0-03D7-4F10-A3A3-F6FB0FBABA81}"
EndProject
Global
	GlobalSection(SolutionConfigurationPlatforms) = preSolution
		Debug|Any CPU = Debug|Any CPU
		Release|Any CPU = Release|Any CPU
	EndGlobalSection
	GlobalSection(ProjectConfigurationPlatforms) = postSolution
		{A39A7AB0-03D7-4F10-A3A3-F6FB0FBABA81}.Debug|Any CPU.ActiveCfg = Debug|Any CPU
		{A39A7AB0-03D7-4F10-A3A3-F6FB0FBABA81}.Debug|Any CPU.Build.0 = Debug|Any CPU
		{A39A7AB0-03D7-4F10-A3A3-F6FB0FBABA81}.Release|Any CPU.ActiveCfg = Release|Any CPU
		{A39A7AB0-03D7-4F10-A3A3-F6FB0FBABA81}.Release|Any CPU.Build.0 = Release|Any CPU
	EndGlobalSection
	GlobalSection(SolutionProperties) = preSolution
		HideSolutionNode = FALSE
	EndGlobalSection
	GlobalSection(ExtensibilityGlobals) = postSolution
		SolutionGuid = {63F6A5A7-48B7-46A4-8EBD-62D91B0DAAC6}
	EndGlobalSection
EndGlobal
