
Microsoft Visual Studio Solution File, Format Version 12.00
# Visual Studio Version 16
VisualStudioVersion = 16.0.30523.141
MinimumVisualStudioVersion = 10.0.40219.1
Project("{FAE04EC0-301F-11D3-BF4B-00C04F79EFBC}") = "07.ConcatNames", "07.ConcatNames\07.ConcatNames.csproj", "{CCD7653D-5256-445F-8B01-2F34CFB320E7}"
EndProject
Global
	GlobalSection(SolutionConfigurationPlatforms) = preSolution
		Debug|Any CPU = Debug|Any CPU
		Release|Any CPU = Release|Any CPU
	EndGlobalSection
	GlobalSection(ProjectConfigurationPlatforms) = postSolution
		{CCD7653D-5256-445F-8B01-2F34CFB320E7}.Debug|Any CPU.ActiveCfg = Debug|Any CPU
		{CCD7653D-5256-445F-8B01-2F34CFB320E7}.Debug|Any CPU.Build.0 = Debug|Any CPU
		{CCD7653D-5256-445F-8B01-2F34CFB320E7}.Release|Any CPU.ActiveCfg = Release|Any CPU
		{CCD7653D-5256-445F-8B01-2F34CFB320E7}.Release|Any CPU.Build.0 = Release|Any CPU
	EndGlobalSection
	GlobalSection(SolutionProperties) = preSolution
		HideSolutionNode = FALSE
	EndGlobalSection
	GlobalSection(ExtensibilityGlobals) = postSolution
		SolutionGuid = {E862747E-3103-4ECD-9977-2151BA85CF3F}
	EndGlobalSection
EndGlobal
