
Microsoft Visual Studio Solution File, Format Version 12.00
# Visual Studio Version 16
VisualStudioVersion = 16.0.30523.141
MinimumVisualStudioVersion = 10.0.40219.1
Project("{FAE04EC0-301F-11D3-BF4B-00C04F79EFBC}") = "12.RefactorSpecialNumbers", "12.RefactorSpecialNumbers\12.RefactorSpecialNumbers.csproj", "{D5C844E3-04BC-4D30-84CC-A1A59748A355}"
EndProject
Global
	GlobalSection(SolutionConfigurationPlatforms) = preSolution
		Debug|Any CPU = Debug|Any CPU
		Release|Any CPU = Release|Any CPU
	EndGlobalSection
	GlobalSection(ProjectConfigurationPlatforms) = postSolution
		{D5C844E3-04BC-4D30-84CC-A1A59748A355}.Debug|Any CPU.ActiveCfg = Debug|Any CPU
		{D5C844E3-04BC-4D30-84CC-A1A59748A355}.Debug|Any CPU.Build.0 = Debug|Any CPU
		{D5C844E3-04BC-4D30-84CC-A1A59748A355}.Release|Any CPU.ActiveCfg = Release|Any CPU
		{D5C844E3-04BC-4D30-84CC-A1A59748A355}.Release|Any CPU.Build.0 = Release|Any CPU
	EndGlobalSection
	GlobalSection(SolutionProperties) = preSolution
		HideSolutionNode = FALSE
	EndGlobalSection
	GlobalSection(ExtensibilityGlobals) = postSolution
		SolutionGuid = {D0F0A7DF-A302-468E-A210-8A74584479D3}
	EndGlobalSection
EndGlobal
