
Microsoft Visual Studio Solution File, Format Version 12.00
# Visual Studio Version 16
VisualStudioVersion = 16.0.30523.141
MinimumVisualStudioVersion = 10.0.40219.1
Project("{FAE04EC0-301F-11D3-BF4B-00C04F79EFBC}") = "03.GamingStore", "03.GamingStore\03.GamingStore.csproj", "{ABC0E310-D22E-4EE4-AF4F-B92EC278B3FF}"
EndProject
Global
	GlobalSection(SolutionConfigurationPlatforms) = preSolution
		Debug|Any CPU = Debug|Any CPU
		Release|Any CPU = Release|Any CPU
	EndGlobalSection
	GlobalSection(ProjectConfigurationPlatforms) = postSolution
		{ABC0E310-D22E-4EE4-AF4F-B92EC278B3FF}.Debug|Any CPU.ActiveCfg = Debug|Any CPU
		{ABC0E310-D22E-4EE4-AF4F-B92EC278B3FF}.Debug|Any CPU.Build.0 = Debug|Any CPU
		{ABC0E310-D22E-4EE4-AF4F-B92EC278B3FF}.Release|Any CPU.ActiveCfg = Release|Any CPU
		{ABC0E310-D22E-4EE4-AF4F-B92EC278B3FF}.Release|Any CPU.Build.0 = Release|Any CPU
	EndGlobalSection
	GlobalSection(SolutionProperties) = preSolution
		HideSolutionNode = FALSE
	EndGlobalSection
	GlobalSection(ExtensibilityGlobals) = postSolution
		SolutionGuid = {EF969D2E-1B7A-4EAF-9149-AC0B2CC54AF9}
	EndGlobalSection
EndGlobal
