
Microsoft Visual Studio Solution File, Format Version 12.00
# Visual Studio Version 16
VisualStudioVersion = 16.0.30523.141
MinimumVisualStudioVersion = 10.0.40219.1
Project("{FAE04EC0-301F-11D3-BF4B-00C04F79EFBC}") = "01.Train", "01.Train\01.Train.csproj", "{AAC660F6-D53D-4F7A-AEF1-5F6A97768126}"
EndProject
Global
	GlobalSection(SolutionConfigurationPlatforms) = preSolution
		Debug|Any CPU = Debug|Any CPU
		Release|Any CPU = Release|Any CPU
	EndGlobalSection
	GlobalSection(ProjectConfigurationPlatforms) = postSolution
		{AAC660F6-D53D-4F7A-AEF1-5F6A97768126}.Debug|Any CPU.ActiveCfg = Debug|Any CPU
		{AAC660F6-D53D-4F7A-AEF1-5F6A97768126}.Debug|Any CPU.Build.0 = Debug|Any CPU
		{AAC660F6-D53D-4F7A-AEF1-5F6A97768126}.Release|Any CPU.ActiveCfg = Release|Any CPU
		{AAC660F6-D53D-4F7A-AEF1-5F6A97768126}.Release|Any CPU.Build.0 = Release|Any CPU
	EndGlobalSection
	GlobalSection(SolutionProperties) = preSolution
		HideSolutionNode = FALSE
	EndGlobalSection
	GlobalSection(ExtensibilityGlobals) = postSolution
		SolutionGuid = {3227D11B-7EEE-415B-B723-F4F6758C6254}
	EndGlobalSection
EndGlobal
