
Microsoft Visual Studio Solution File, Format Version 12.00
# Visual Studio Version 16
VisualStudioVersion = 16.0.30523.141
MinimumVisualStudioVersion = 10.0.40219.1
Project("{FAE04EC0-301F-11D3-BF4B-00C04F79EFBC}") = "07.OrderByAge", "07.OrderByAge\07.OrderByAge.csproj", "{2B6E2C6F-B102-4912-B818-5F989C6FD685}"
EndProject
Global
	GlobalSection(SolutionConfigurationPlatforms) = preSolution
		Debug|Any CPU = Debug|Any CPU
		Release|Any CPU = Release|Any CPU
	EndGlobalSection
	GlobalSection(ProjectConfigurationPlatforms) = postSolution
		{2B6E2C6F-B102-4912-B818-5F989C6FD685}.Debug|Any CPU.ActiveCfg = Debug|Any CPU
		{2B6E2C6F-B102-4912-B818-5F989C6FD685}.Debug|Any CPU.Build.0 = Debug|Any CPU
		{2B6E2C6F-B102-4912-B818-5F989C6FD685}.Release|Any CPU.ActiveCfg = Release|Any CPU
		{2B6E2C6F-B102-4912-B818-5F989C6FD685}.Release|Any CPU.Build.0 = Release|Any CPU
	EndGlobalSection
	GlobalSection(SolutionProperties) = preSolution
		HideSolutionNode = FALSE
	EndGlobalSection
	GlobalSection(ExtensibilityGlobals) = postSolution
		SolutionGuid = {14D6E461-E85E-4D0F-8042-CEFDC88F9DA8}
	EndGlobalSection
EndGlobal
