
Microsoft Visual Studio Solution File, Format Version 12.00
# Visual Studio Version 16
VisualStudioVersion = 16.0.30523.141
MinimumVisualStudioVersion = 10.0.40219.1
Project("{FAE04EC0-301F-11D3-BF4B-00C04F79EFBC}") = "04.PasswordValidator", "04.PasswordValidator\04.PasswordValidator.csproj", "{06470057-D2D6-4DAC-B4D4-D99D5900E14A}"
EndProject
Global
	GlobalSection(SolutionConfigurationPlatforms) = preSolution
		Debug|Any CPU = Debug|Any CPU
		Release|Any CPU = Release|Any CPU
	EndGlobalSection
	GlobalSection(ProjectConfigurationPlatforms) = postSolution
		{06470057-D2D6-4DAC-B4D4-D99D5900E14A}.Debug|Any CPU.ActiveCfg = Debug|Any CPU
		{06470057-D2D6-4DAC-B4D4-D99D5900E14A}.Debug|Any CPU.Build.0 = Debug|Any CPU
		{06470057-D2D6-4DAC-B4D4-D99D5900E14A}.Release|Any CPU.ActiveCfg = Release|Any CPU
		{06470057-D2D6-4DAC-B4D4-D99D5900E14A}.Release|Any CPU.Build.0 = Release|Any CPU
	EndGlobalSection
	GlobalSection(SolutionProperties) = preSolution
		HideSolutionNode = FALSE
	EndGlobalSection
	GlobalSection(ExtensibilityGlobals) = postSolution
		SolutionGuid = {8BE692B7-7289-43A3-9ED9-9E87A0CDDE05}
	EndGlobalSection
EndGlobal
