
Microsoft Visual Studio Solution File, Format Version 12.00
# Visual Studio Version 16
VisualStudioVersion = 16.0.30523.141
MinimumVisualStudioVersion = 10.0.40219.1
Project("{FAE04EC0-301F-11D3-BF4B-00C04F79EFBC}") = "08.TownInfo", "08.TownInfo\08.TownInfo.csproj", "{CBB15748-DD37-4DBF-986B-4A8C65EDC842}"
EndProject
Global
	GlobalSection(SolutionConfigurationPlatforms) = preSolution
		Debug|Any CPU = Debug|Any CPU
		Release|Any CPU = Release|Any CPU
	EndGlobalSection
	GlobalSection(ProjectConfigurationPlatforms) = postSolution
		{CBB15748-DD37-4DBF-986B-4A8C65EDC842}.Debug|Any CPU.ActiveCfg = Debug|Any CPU
		{CBB15748-DD37-4DBF-986B-4A8C65EDC842}.Debug|Any CPU.Build.0 = Debug|Any CPU
		{CBB15748-DD37-4DBF-986B-4A8C65EDC842}.Release|Any CPU.ActiveCfg = Release|Any CPU
		{CBB15748-DD37-4DBF-986B-4A8C65EDC842}.Release|Any CPU.Build.0 = Release|Any CPU
	EndGlobalSection
	GlobalSection(SolutionProperties) = preSolution
		HideSolutionNode = FALSE
	EndGlobalSection
	GlobalSection(ExtensibilityGlobals) = postSolution
		SolutionGuid = {D565FBB4-4BD1-4A08-BD58-505D2A532975}
	EndGlobalSection
EndGlobal
