
Microsoft Visual Studio Solution File, Format Version 12.00
# Visual Studio Version 16
VisualStudioVersion = 16.0.30523.141
MinimumVisualStudioVersion = 10.0.40219.1
Project("{FAE04EC0-301F-11D3-BF4B-00C04F79EFBC}") = "10.SoftUniExamResults", "10.SoftUniExamResults\10.SoftUniExamResults.csproj", "{6E78A01F-0E7B-4639-BAAA-884AF6182050}"
EndProject
Global
	GlobalSection(SolutionConfigurationPlatforms) = preSolution
		Debug|Any CPU = Debug|Any CPU
		Release|Any CPU = Release|Any CPU
	EndGlobalSection
	GlobalSection(ProjectConfigurationPlatforms) = postSolution
		{6E78A01F-0E7B-4639-BAAA-884AF6182050}.Debug|Any CPU.ActiveCfg = Debug|Any CPU
		{6E78A01F-0E7B-4639-BAAA-884AF6182050}.Debug|Any CPU.Build.0 = Debug|Any CPU
		{6E78A01F-0E7B-4639-BAAA-884AF6182050}.Release|Any CPU.ActiveCfg = Release|Any CPU
		{6E78A01F-0E7B-4639-BAAA-884AF6182050}.Release|Any CPU.Build.0 = Release|Any CPU
	EndGlobalSection
	GlobalSection(SolutionProperties) = preSolution
		HideSolutionNode = FALSE
	EndGlobalSection
	GlobalSection(ExtensibilityGlobals) = postSolution
		SolutionGuid = {D53D022A-5277-440F-BE3C-A7A74952B60A}
	EndGlobalSection
EndGlobal
