
Microsoft Visual Studio Solution File, Format Version 12.00
# Visual Studio Version 16
VisualStudioVersion = 16.0.30523.141
MinimumVisualStudioVersion = 10.0.40219.1
Project("{FAE04EC0-301F-11D3-BF4B-00C04F79EFBC}") = "07.ListManipulationAdvanced", "07.ListManipulationAdvanced\07.ListManipulationAdvanced.csproj", "{0A14AE26-1188-4185-AE88-49919FC34066}"
EndProject
Global
	GlobalSection(SolutionConfigurationPlatforms) = preSolution
		Debug|Any CPU = Debug|Any CPU
		Release|Any CPU = Release|Any CPU
	EndGlobalSection
	GlobalSection(ProjectConfigurationPlatforms) = postSolution
		{0A14AE26-1188-4185-AE88-49919FC34066}.Debug|Any CPU.ActiveCfg = Debug|Any CPU
		{0A14AE26-1188-4185-AE88-49919FC34066}.Debug|Any CPU.Build.0 = Debug|Any CPU
		{0A14AE26-1188-4185-AE88-49919FC34066}.Release|Any CPU.ActiveCfg = Release|Any CPU
		{0A14AE26-1188-4185-AE88-49919FC34066}.Release|Any CPU.Build.0 = Release|Any CPU
	EndGlobalSection
	GlobalSection(SolutionProperties) = preSolution
		HideSolutionNode = FALSE
	EndGlobalSection
	GlobalSection(ExtensibilityGlobals) = postSolution
		SolutionGuid = {D782395A-15E1-44C9-B143-90FE391A914A}
	EndGlobalSection
EndGlobal
