
Microsoft Visual Studio Solution File, Format Version 12.00
# Visual Studio Version 16
VisualStudioVersion = 16.0.30523.141
MinimumVisualStudioVersion = 10.0.40219.1
Project("{FAE04EC0-301F-11D3-BF4B-00C04F79EFBC}") = "06.Courses", "06.Courses\06.Courses.csproj", "{3156C49A-0A97-4EE3-A219-3D95E63D7C65}"
EndProject
Global
	GlobalSection(SolutionConfigurationPlatforms) = preSolution
		Debug|Any CPU = Debug|Any CPU
		Release|Any CPU = Release|Any CPU
	EndGlobalSection
	GlobalSection(ProjectConfigurationPlatforms) = postSolution
		{3156C49A-0A97-4EE3-A219-3D95E63D7C65}.Debug|Any CPU.ActiveCfg = Debug|Any CPU
		{3156C49A-0A97-4EE3-A219-3D95E63D7C65}.Debug|Any CPU.Build.0 = Debug|Any CPU
		{3156C49A-0A97-4EE3-A219-3D95E63D7C65}.Release|Any CPU.ActiveCfg = Release|Any CPU
		{3156C49A-0A97-4EE3-A219-3D95E63D7C65}.Release|Any CPU.Build.0 = Release|Any CPU
	EndGlobalSection
	GlobalSection(SolutionProperties) = preSolution
		HideSolutionNode = FALSE
	EndGlobalSection
	GlobalSection(ExtensibilityGlobals) = postSolution
		SolutionGuid = {061E13EF-8649-45CB-991C-E6C8868E8443}
	EndGlobalSection
EndGlobal
