
Microsoft Visual Studio Solution File, Format Version 12.00
# Visual Studio Version 16
VisualStudioVersion = 16.0.30523.141
MinimumVisualStudioVersion = 10.0.40219.1
Project("{FAE04EC0-301F-11D3-BF4B-00C04F79EFBC}") = "10.SoftUniCoursePlanning", "10.SoftUniCoursePlanning\10.SoftUniCoursePlanning.csproj", "{DA844586-482A-4F11-BC61-129527B5358B}"
EndProject
Global
	GlobalSection(SolutionConfigurationPlatforms) = preSolution
		Debug|Any CPU = Debug|Any CPU
		Release|Any CPU = Release|Any CPU
	EndGlobalSection
	GlobalSection(ProjectConfigurationPlatforms) = postSolution
		{DA844586-482A-4F11-BC61-129527B5358B}.Debug|Any CPU.ActiveCfg = Debug|Any CPU
		{DA844586-482A-4F11-BC61-129527B5358B}.Debug|Any CPU.Build.0 = Debug|Any CPU
		{DA844586-482A-4F11-BC61-129527B5358B}.Release|Any CPU.ActiveCfg = Release|Any CPU
		{DA844586-482A-4F11-BC61-129527B5358B}.Release|Any CPU.Build.0 = Release|Any CPU
	EndGlobalSection
	GlobalSection(SolutionProperties) = preSolution
		HideSolutionNode = FALSE
	EndGlobalSection
	GlobalSection(ExtensibilityGlobals) = postSolution
		SolutionGuid = {E55310F3-57FC-44FF-AB2E-F803EF1BCECC}
	EndGlobalSection
EndGlobal
