
Microsoft Visual Studio Solution File, Format Version 12.00
# Visual Studio Version 16
VisualStudioVersion = 16.0.30523.141
MinimumVisualStudioVersion = 10.0.40219.1
Project("{FAE04EC0-301F-11D3-BF4B-00C04F79EFBC}") = "01.Ranking", "01.Ranking\01.Ranking.csproj", "{4F5E0EC1-0F02-4B4C-8426-8C6B7895A6A9}"
EndProject
Global
	GlobalSection(SolutionConfigurationPlatforms) = preSolution
		Debug|Any CPU = Debug|Any CPU
		Release|Any CPU = Release|Any CPU
	EndGlobalSection
	GlobalSection(ProjectConfigurationPlatforms) = postSolution
		{4F5E0EC1-0F02-4B4C-8426-8C6B7895A6A9}.Debug|Any CPU.ActiveCfg = Debug|Any CPU
		{4F5E0EC1-0F02-4B4C-8426-8C6B7895A6A9}.Debug|Any CPU.Build.0 = Debug|Any CPU
		{4F5E0EC1-0F02-4B4C-8426-8C6B7895A6A9}.Release|Any CPU.ActiveCfg = Release|Any CPU
		{4F5E0EC1-0F02-4B4C-8426-8C6B7895A6A9}.Release|Any CPU.Build.0 = Release|Any CPU
	EndGlobalSection
	GlobalSection(SolutionProperties) = preSolution
		HideSolutionNode = FALSE
	EndGlobalSection
	GlobalSection(ExtensibilityGlobals) = postSolution
		SolutionGuid = {86D75406-07EE-4C66-9E9B-DE331D36AE4E}
	EndGlobalSection
EndGlobal
