
Microsoft Visual Studio Solution File, Format Version 12.00
# Visual Studio Version 16
VisualStudioVersion = 16.0.30523.141
MinimumVisualStudioVersion = 10.0.40219.1
Project("{FAE04EC0-301F-11D3-BF4B-00C04F79EFBC}") = "09.ForceBook", "09.ForceBook\09.ForceBook.csproj", "{B6EB5CB2-8AB1-435F-A731-E524D11959DC}"
EndProject
Global
	GlobalSection(SolutionConfigurationPlatforms) = preSolution
		Debug|Any CPU = Debug|Any CPU
		Release|Any CPU = Release|Any CPU
	EndGlobalSection
	GlobalSection(ProjectConfigurationPlatforms) = postSolution
		{B6EB5CB2-8AB1-435F-A731-E524D11959DC}.Debug|Any CPU.ActiveCfg = Debug|Any CPU
		{B6EB5CB2-8AB1-435F-A731-E524D11959DC}.Debug|Any CPU.Build.0 = Debug|Any CPU
		{B6EB5CB2-8AB1-435F-A731-E524D11959DC}.Release|Any CPU.ActiveCfg = Release|Any CPU
		{B6EB5CB2-8AB1-435F-A731-E524D11959DC}.Release|Any CPU.Build.0 = Release|Any CPU
	EndGlobalSection
	GlobalSection(SolutionProperties) = preSolution
		HideSolutionNode = FALSE
	EndGlobalSection
	GlobalSection(ExtensibilityGlobals) = postSolution
		SolutionGuid = {410EA7FC-C4BF-41EA-BD48-EA0C471E0DD7}
	EndGlobalSection
EndGlobal
