
Microsoft Visual Studio Solution File, Format Version 12.00
# Visual Studio Version 16
VisualStudioVersion = 16.0.30523.141
MinimumVisualStudioVersion = 10.0.40219.1
Project("{FAE04EC0-301F-11D3-BF4B-00C04F79EFBC}") = "04.FoldAndSum", "04.FoldAndSum\04.FoldAndSum.csproj", "{FB21D2A8-B692-444A-A38C-78927DA081AB}"
EndProject
Global
	GlobalSection(SolutionConfigurationPlatforms) = preSolution
		Debug|Any CPU = Debug|Any CPU
		Release|Any CPU = Release|Any CPU
	EndGlobalSection
	GlobalSection(ProjectConfigurationPlatforms) = postSolution
		{FB21D2A8-B692-444A-A38C-78927DA081AB}.Debug|Any CPU.ActiveCfg = Debug|Any CPU
		{FB21D2A8-B692-444A-A38C-78927DA081AB}.Debug|Any CPU.Build.0 = Debug|Any CPU
		{FB21D2A8-B692-444A-A38C-78927DA081AB}.Release|Any CPU.ActiveCfg = Release|Any CPU
		{FB21D2A8-B692-444A-A38C-78927DA081AB}.Release|Any CPU.Build.0 = Release|Any CPU
	EndGlobalSection
	GlobalSection(SolutionProperties) = preSolution
		HideSolutionNode = FALSE
	EndGlobalSection
	GlobalSection(ExtensibilityGlobals) = postSolution
		SolutionGuid = {18F48D2A-440E-4BEA-8567-AE820E77B4D2}
	EndGlobalSection
EndGlobal
