
Microsoft Visual Studio Solution File, Format Version 12.00
# Visual Studio Version 16
VisualStudioVersion = 16.0.30523.141
MinimumVisualStudioVersion = 10.0.40219.1
Project("{FAE04EC0-301F-11D3-BF4B-00C04F79EFBC}") = "07.VendingMachine", "07.VendingMachine\07.VendingMachine.csproj", "{300CAC34-C858-4DB2-A804-B86708E49883}"
EndProject
Global
	GlobalSection(SolutionConfigurationPlatforms) = preSolution
		Debug|Any CPU = Debug|Any CPU
		Release|Any CPU = Release|Any CPU
	EndGlobalSection
	GlobalSection(ProjectConfigurationPlatforms) = postSolution
		{300CAC34-C858-4DB2-A804-B86708E49883}.Debug|Any CPU.ActiveCfg = Debug|Any CPU
		{300CAC34-C858-4DB2-A804-B86708E49883}.Debug|Any CPU.Build.0 = Debug|Any CPU
		{300CAC34-C858-4DB2-A804-B86708E49883}.Release|Any CPU.ActiveCfg = Release|Any CPU
		{300CAC34-C858-4DB2-A804-B86708E49883}.Release|Any CPU.Build.0 = Release|Any CPU
	EndGlobalSection
	GlobalSection(SolutionProperties) = preSolution
		HideSolutionNode = FALSE
	EndGlobalSection
	GlobalSection(ExtensibilityGlobals) = postSolution
		SolutionGuid = {BFA65348-F803-4105-9B10-DF57FAFF52A6}
	EndGlobalSection
EndGlobal
