
Microsoft Visual Studio Solution File, Format Version 12.00
# Visual Studio Version 16
VisualStudioVersion = 16.0.30523.141
MinimumVisualStudioVersion = 10.0.40219.1
Project("{FAE04EC0-301F-11D3-BF4B-00C04F79EFBC}") = "03.Vacation", "03.Vacation\03.Vacation.csproj", "{EF70509F-BE3C-414F-A8FD-2E66D0A40BE4}"
EndProject
Global
	GlobalSection(SolutionConfigurationPlatforms) = preSolution
		Debug|Any CPU = Debug|Any CPU
		Release|Any CPU = Release|Any CPU
	EndGlobalSection
	GlobalSection(ProjectConfigurationPlatforms) = postSolution
		{EF70509F-BE3C-414F-A8FD-2E66D0A40BE4}.Debug|Any CPU.ActiveCfg = Debug|Any CPU
		{EF70509F-BE3C-414F-A8FD-2E66D0A40BE4}.Debug|Any CPU.Build.0 = Debug|Any CPU
		{EF70509F-BE3C-414F-A8FD-2E66D0A40BE4}.Release|Any CPU.ActiveCfg = Release|Any CPU
		{EF70509F-BE3C-414F-A8FD-2E66D0A40BE4}.Release|Any CPU.Build.0 = Release|Any CPU
	EndGlobalSection
	GlobalSection(SolutionProperties) = preSolution
		HideSolutionNode = FALSE
	EndGlobalSection
	GlobalSection(ExtensibilityGlobals) = postSolution
		SolutionGuid = {5EE5F6E4-822D-471C-946F-8BDCB0D8E4C3}
	EndGlobalSection
EndGlobal
