
Microsoft Visual Studio Solution File, Format Version 12.00
# Visual Studio Version 16
VisualStudioVersion = 16.0.30523.141
MinimumVisualStudioVersion = 10.0.40219.1
Project("{FAE04EC0-301F-11D3-BF4B-00C04F79EFBC}") = "01.IntegerOperations", "01.IntegerOperations\01.IntegerOperations.csproj", "{8A4230EF-1307-4A6D-8591-0362148034D2}"
EndProject
Global
	GlobalSection(SolutionConfigurationPlatforms) = preSolution
		Debug|Any CPU = Debug|Any CPU
		Release|Any CPU = Release|Any CPU
	EndGlobalSection
	GlobalSection(ProjectConfigurationPlatforms) = postSolution
		{8A4230EF-1307-4A6D-8591-0362148034D2}.Debug|Any CPU.ActiveCfg = Debug|Any CPU
		{8A4230EF-1307-4A6D-8591-0362148034D2}.Debug|Any CPU.Build.0 = Debug|Any CPU
		{8A4230EF-1307-4A6D-8591-0362148034D2}.Release|Any CPU.ActiveCfg = Release|Any CPU
		{8A4230EF-1307-4A6D-8591-0362148034D2}.Release|Any CPU.Build.0 = Release|Any CPU
	EndGlobalSection
	GlobalSection(SolutionProperties) = preSolution
		HideSolutionNode = FALSE
	EndGlobalSection
	GlobalSection(ExtensibilityGlobals) = postSolution
		SolutionGuid = {F7D96246-7D36-4DE4-A237-4C48814EED8D}
	EndGlobalSection
EndGlobal
