
Microsoft Visual Studio Solution File, Format Version 12.00
# Visual Studio Version 16
VisualStudioVersion = 16.0.30523.141
MinimumVisualStudioVersion = 10.0.40219.1
Project("{FAE04EC0-301F-11D3-BF4B-00C04F79EFBC}") = "09.CharsToString", "09.CharsToString\09.CharsToString.csproj", "{C0AD9520-F775-49B8-B3B8-C950453533F4}"
EndProject
Global
	GlobalSection(SolutionConfigurationPlatforms) = preSolution
		Debug|Any CPU = Debug|Any CPU
		Release|Any CPU = Release|Any CPU
	EndGlobalSection
	GlobalSection(ProjectConfigurationPlatforms) = postSolution
		{C0AD9520-F775-49B8-B3B8-C950453533F4}.Debug|Any CPU.ActiveCfg = Debug|Any CPU
		{C0AD9520-F775-49B8-B3B8-C950453533F4}.Debug|Any CPU.Build.0 = Debug|Any CPU
		{C0AD9520-F775-49B8-B3B8-C950453533F4}.Release|Any CPU.ActiveCfg = Release|Any CPU
		{C0AD9520-F775-49B8-B3B8-C950453533F4}.Release|Any CPU.Build.0 = Release|Any CPU
	EndGlobalSection
	GlobalSection(SolutionProperties) = preSolution
		HideSolutionNode = FALSE
	EndGlobalSection
	GlobalSection(ExtensibilityGlobals) = postSolution
		SolutionGuid = {C73CE694-ADAC-4A39-B1E9-8BC5466D0FDC}
	EndGlobalSection
EndGlobal
