
Microsoft Visual Studio Solution File, Format Version 12.00
# Visual Studio Version 16
VisualStudioVersion = 16.0.30523.141
MinimumVisualStudioVersion = 10.0.40219.1
Project("{FAE04EC0-301F-11D3-BF4B-00C04F79EFBC}") = "01.WinningTicket", "01.WinningTicket\01.WinningTicket.csproj", "{1A7867AF-3F2A-45B0-B92C-059AC9708144}"
EndProject
Global
	GlobalSection(SolutionConfigurationPlatforms) = preSolution
		Debug|Any CPU = Debug|Any CPU
		Release|Any CPU = Release|Any CPU
	EndGlobalSection
	GlobalSection(ProjectConfigurationPlatforms) = postSolution
		{1A7867AF-3F2A-45B0-B92C-059AC9708144}.Debug|Any CPU.ActiveCfg = Debug|Any CPU
		{1A7867AF-3F2A-45B0-B92C-059AC9708144}.Debug|Any CPU.Build.0 = Debug|Any CPU
		{1A7867AF-3F2A-45B0-B92C-059AC9708144}.Release|Any CPU.ActiveCfg = Release|Any CPU
		{1A7867AF-3F2A-45B0-B92C-059AC9708144}.Release|Any CPU.Build.0 = Release|Any CPU
	EndGlobalSection
	GlobalSection(SolutionProperties) = preSolution
		HideSolutionNode = FALSE
	EndGlobalSection
	GlobalSection(ExtensibilityGlobals) = postSolution
		SolutionGuid = {58F13821-DF76-4399-B0BB-DEF14A724D64}
	EndGlobalSection
EndGlobal
